// !$*UTF8*$!
{
	archiveVersion = 1;
	classes = {
	};
	objectVersion = 56;
	objects = {

/* Begin PBXBuildFile section */
		5B837D82F20E188D92A53A79 /* Pods_CurrencyApp.framework in Frameworks */ = {isa = PBXBuildFile; fileRef = 3DE833FF57C1550ED6911AEC /* Pods_CurrencyApp.framework */; };
		D244BD8329D710D000AEC43C /* UITextFieldExtension .swift in Sources */ = {isa = PBXBuildFile; fileRef = D244BD8229D710D000AEC43C /* UITextFieldExtension .swift */; };
		D244BD8529D71AD900AEC43C /* UIImageViewExtension.swift in Sources */ = {isa = PBXBuildFile; fileRef = D244BD8429D71AD900AEC43C /* UIImageViewExtension.swift */; };
		D2461E6629DAA08E00118F57 /* GoogleService-Info.plist in Resources */ = {isa = PBXBuildFile; fileRef = D2461E6529DAA08E00118F57 /* GoogleService-Info.plist */; };
		D2461E6829DAA52100118F57 /* LoginLaunchViewModel.swift in Sources */ = {isa = PBXBuildFile; fileRef = D2461E6729DAA52100118F57 /* LoginLaunchViewModel.swift */; };
		D2461E6A29DAABEC00118F57 /* LoginProcessViewModel.swift in Sources */ = {isa = PBXBuildFile; fileRef = D2461E6929DAABEC00118F57 /* LoginProcessViewModel.swift */; };
		D2461E6C29DAABF600118F57 /* RegistrationProcessViewModel.swift in Sources */ = {isa = PBXBuildFile; fileRef = D2461E6B29DAABF600118F57 /* RegistrationProcessViewModel.swift */; };
		D2461E6E29DADA8000118F57 /* Firebase.swift in Sources */ = {isa = PBXBuildFile; fileRef = D2461E6D29DADA8000118F57 /* Firebase.swift */; };
		D2461E7029DAE75C00118F57 /* AppCoordinator.swift in Sources */ = {isa = PBXBuildFile; fileRef = D2461E6F29DAE75C00118F57 /* AppCoordinator.swift */; };
		D24634FA29C35F4B0058A610 /* BasicViewController.swift in Sources */ = {isa = PBXBuildFile; fileRef = D24634F929C35F4B0058A610 /* BasicViewController.swift */; };
		D24634FC29C3638F0058A610 /* WalletViewModel.swift in Sources */ = {isa = PBXBuildFile; fileRef = D24634FB29C3638F0058A610 /* WalletViewModel.swift */; };
		D246350429C455D50058A610 /* BasicControllerCollectionViewCell.swift in Sources */ = {isa = PBXBuildFile; fileRef = D246350329C455D50058A610 /* BasicControllerCollectionViewCell.swift */; };
		D246350629C4598B0058A610 /* WalletCollectionViewCellViewModel.swift in Sources */ = {isa = PBXBuildFile; fileRef = D246350529C4598B0058A610 /* WalletCollectionViewCellViewModel.swift */; };
		D246350829C45B9D0058A610 /* FakeData.swift in Sources */ = {isa = PBXBuildFile; fileRef = D246350729C45B9D0058A610 /* FakeData.swift */; };
		D286667C29D58A8600464DC9 /* CurrencyHistoryInfoDetailsSectionViewModel.swift in Sources */ = {isa = PBXBuildFile; fileRef = D286667B29D58A8600464DC9 /* CurrencyHistoryInfoDetailsSectionViewModel.swift */; };
		D286667E29D5B61C00464DC9 /* DateExtension.swift in Sources */ = {isa = PBXBuildFile; fileRef = D286667D29D5B61C00464DC9 /* DateExtension.swift */; };
		D288B4B929D406EA00085C93 /* CurrencyHistoryCurrencyNameCell.swift in Sources */ = {isa = PBXBuildFile; fileRef = D288B4B829D406EA00085C93 /* CurrencyHistoryCurrencyNameCell.swift */; };
		D288B4BB29D4208400085C93 /* CurrencyHistoryInfoDetailsSectionHeader.swift in Sources */ = {isa = PBXBuildFile; fileRef = D288B4BA29D4208400085C93 /* CurrencyHistoryInfoDetailsSectionHeader.swift */; };
		D288B4BE29D420C300085C93 /* CurrencyHistoryInfoDetailsSectionView.swift in Sources */ = {isa = PBXBuildFile; fileRef = D288B4BD29D420C300085C93 /* CurrencyHistoryInfoDetailsSectionView.swift */; };
		D288B4C029D4289F00085C93 /* BasicTableViewHeaderFooterView.swift in Sources */ = {isa = PBXBuildFile; fileRef = D288B4BF29D4289F00085C93 /* BasicTableViewHeaderFooterView.swift */; };
		D288B4C229D42B5C00085C93 /* Typealias.swift in Sources */ = {isa = PBXBuildFile; fileRef = D288B4C129D42B5C00085C93 /* Typealias.swift */; };
		D2CC021D29D16944008B9C11 /* LoginLaunchController.swift in Sources */ = {isa = PBXBuildFile; fileRef = D2CC021C29D16944008B9C11 /* LoginLaunchController.swift */; };
		D2CC021F29D16974008B9C11 /* LoginProcessController.swift in Sources */ = {isa = PBXBuildFile; fileRef = D2CC021E29D16974008B9C11 /* LoginProcessController.swift */; };
		D2CC022129D16994008B9C11 /* RegistrationProcessController.swift in Sources */ = {isa = PBXBuildFile; fileRef = D2CC022029D16994008B9C11 /* RegistrationProcessController.swift */; };
		D2CC022329D16B2E008B9C11 /* LoginCoordinator.swift in Sources */ = {isa = PBXBuildFile; fileRef = D2CC022229D16B2E008B9C11 /* LoginCoordinator.swift */; };
		D2E3A68F29BF2CA400F496EB /* AppDelegate.swift in Sources */ = {isa = PBXBuildFile; fileRef = D2E3A68E29BF2CA400F496EB /* AppDelegate.swift */; };
		D2E3A69129BF2CA400F496EB /* SceneDelegate.swift in Sources */ = {isa = PBXBuildFile; fileRef = D2E3A69029BF2CA400F496EB /* SceneDelegate.swift */; };
		D2E3A69929BF2CA400F496EB /* CurrencyApp.xcdatamodeld in Sources */ = {isa = PBXBuildFile; fileRef = D2E3A69729BF2CA400F496EB /* CurrencyApp.xcdatamodeld */; };
		D2E3A69B29BF2CA500F496EB /* Assets.xcassets in Resources */ = {isa = PBXBuildFile; fileRef = D2E3A69A29BF2CA500F496EB /* Assets.xcassets */; };
		D2E3A6A629BF360100F496EB /* Networking.swift in Sources */ = {isa = PBXBuildFile; fileRef = D2E3A6A529BF360100F496EB /* Networking.swift */; };
		D2E3A6B329BF3CC800F496EB /* TabBarController.swift in Sources */ = {isa = PBXBuildFile; fileRef = D2E3A6B229BF3CC800F496EB /* TabBarController.swift */; };
		D2E3A6B529BF46ED00F496EB /* WalletController.swift in Sources */ = {isa = PBXBuildFile; fileRef = D2E3A6B429BF46ED00F496EB /* WalletController.swift */; };
		D2E3A6B729BF4A5B00F496EB /* MainFlowCoordinator.swift in Sources */ = {isa = PBXBuildFile; fileRef = D2E3A6B629BF4A5B00F496EB /* MainFlowCoordinator.swift */; };
		D2E3A6B929BF758C00F496EB /* CurrencyHistoryCurrencyNameController.swift in Sources */ = {isa = PBXBuildFile; fileRef = D2E3A6B829BF758C00F496EB /* CurrencyHistoryCurrencyNameController.swift */; };
		D2E3A6BB29C09B3000F496EB /* WalletCardCollectionViewCell.swift in Sources */ = {isa = PBXBuildFile; fileRef = D2E3A6BA29C09B3000F496EB /* WalletCardCollectionViewCell.swift */; };
		D2E3A6BF29C1A86700F496EB /* WalletHeaderView.swift in Sources */ = {isa = PBXBuildFile; fileRef = D2E3A6BE29C1A86700F496EB /* WalletHeaderView.swift */; };
		D2EC4B7A29DC0954008E0A34 /* StringExtension.swift in Sources */ = {isa = PBXBuildFile; fileRef = D2EC4B7929DC0954008E0A34 /* StringExtension.swift */; };
		D2EC4B7C29DC41D1008E0A34 /* User.swift in Sources */ = {isa = PBXBuildFile; fileRef = D2EC4B7B29DC41D1008E0A34 /* User.swift */; };
		D2EC4B7E29DC49FB008E0A34 /* PopUpViewController.swift in Sources */ = {isa = PBXBuildFile; fileRef = D2EC4B7D29DC49FB008E0A34 /* PopUpViewController.swift */; };
		D2EC4B8129DC6791008E0A34 /* PopUpViewModel.swift in Sources */ = {isa = PBXBuildFile; fileRef = D2EC4B8029DC6791008E0A34 /* PopUpViewModel.swift */; };
		D2EECDBA29C9B3E500711997 /* CurrencyHistoryInfoDetailsController.swift in Sources */ = {isa = PBXBuildFile; fileRef = D2EECDB929C9B3E500711997 /* CurrencyHistoryInfoDetailsController.swift */; };
		D2EECDBC29C9E33B00711997 /* BasicTableCell.swift in Sources */ = {isa = PBXBuildFile; fileRef = D2EECDBB29C9E33B00711997 /* BasicTableCell.swift */; };
		D2EECDBE29C9E46500711997 /* WalletTableViewCell.swift in Sources */ = {isa = PBXBuildFile; fileRef = D2EECDBD29C9E46500711997 /* WalletTableViewCell.swift */; };
		D2EECDC029C9E4BA00711997 /* WalletTableViewCellViewModel.swift in Sources */ = {isa = PBXBuildFile; fileRef = D2EECDBF29C9E4BA00711997 /* WalletTableViewCellViewModel.swift */; };
		D2EECDC229CAFB1500711997 /* APIDescriptor.swift in Sources */ = {isa = PBXBuildFile; fileRef = D2EECDC129CAFB1500711997 /* APIDescriptor.swift */; };
		D2EECDC429CB052B00711997 /* ExchangeRates.swift in Sources */ = {isa = PBXBuildFile; fileRef = D2EECDC329CB052B00711997 /* ExchangeRates.swift */; };
		D2EECDCB29CB0E4500711997 /* CurrencyHistoryInfoDetailsViewModel.swift in Sources */ = {isa = PBXBuildFile; fileRef = D2EECDCA29CB0E4500711997 /* CurrencyHistoryInfoDetailsViewModel.swift */; };
		D2EECDCD29CB0E6D00711997 /* CurrencyHistoryCurrencyNameViewModel.swift in Sources */ = {isa = PBXBuildFile; fileRef = D2EECDCC29CB0E6D00711997 /* CurrencyHistoryCurrencyNameViewModel.swift */; };
		D2EECDCF29CB0E9D00711997 /* CurrencyHistoryInfoDetailsCell.swift in Sources */ = {isa = PBXBuildFile; fileRef = D2EECDCE29CB0E9D00711997 /* CurrencyHistoryInfoDetailsCell.swift */; };
		D2EECDD129CB0EDA00711997 /* CurrencyHistoryInfoDetailsSectionItem.swift in Sources */ = {isa = PBXBuildFile; fileRef = D2EECDD029CB0EDA00711997 /* CurrencyHistoryInfoDetailsSectionItem.swift */; };
		D2EECDD329CB0EFC00711997 /* CurrencyHistoryCurrencyNameCellViewModel.swift in Sources */ = {isa = PBXBuildFile; fileRef = D2EECDD229CB0EFC00711997 /* CurrencyHistoryCurrencyNameCellViewModel.swift */; };
/* End PBXBuildFile section */

/* Begin PBXFileReference section */
		3DE833FF57C1550ED6911AEC /* Pods_CurrencyApp.framework */ = {isa = PBXFileReference; explicitFileType = wrapper.framework; includeInIndex = 0; path = Pods_CurrencyApp.framework; sourceTree = BUILT_PRODUCTS_DIR; };
		62FE188BD85DD6C028FCA7FE /* Pods-CurrencyApp.release.xcconfig */ = {isa = PBXFileReference; includeInIndex = 1; lastKnownFileType = text.xcconfig; name = "Pods-CurrencyApp.release.xcconfig"; path = "Target Support Files/Pods-CurrencyApp/Pods-CurrencyApp.release.xcconfig"; sourceTree = "<group>"; };
		CADA3F9B76A14756796AD10A /* Pods-CurrencyApp.debug.xcconfig */ = {isa = PBXFileReference; includeInIndex = 1; lastKnownFileType = text.xcconfig; name = "Pods-CurrencyApp.debug.xcconfig"; path = "Target Support Files/Pods-CurrencyApp/Pods-CurrencyApp.debug.xcconfig"; sourceTree = "<group>"; };
		D244BD8229D710D000AEC43C /* UITextFieldExtension .swift */ = {isa = PBXFileReference; lastKnownFileType = sourcecode.swift; path = "UITextFieldExtension .swift"; sourceTree = "<group>"; };
		D244BD8429D71AD900AEC43C /* UIImageViewExtension.swift */ = {isa = PBXFileReference; lastKnownFileType = sourcecode.swift; path = UIImageViewExtension.swift; sourceTree = "<group>"; };
		D2461E6529DAA08E00118F57 /* GoogleService-Info.plist */ = {isa = PBXFileReference; fileEncoding = 4; lastKnownFileType = text.plist.xml; path = "GoogleService-Info.plist"; sourceTree = "<group>"; };
		D2461E6729DAA52100118F57 /* LoginLaunchViewModel.swift */ = {isa = PBXFileReference; lastKnownFileType = sourcecode.swift; path = LoginLaunchViewModel.swift; sourceTree = "<group>"; };
		D2461E6929DAABEC00118F57 /* LoginProcessViewModel.swift */ = {isa = PBXFileReference; lastKnownFileType = sourcecode.swift; path = LoginProcessViewModel.swift; sourceTree = "<group>"; };
		D2461E6B29DAABF600118F57 /* RegistrationProcessViewModel.swift */ = {isa = PBXFileReference; lastKnownFileType = sourcecode.swift; path = RegistrationProcessViewModel.swift; sourceTree = "<group>"; };
		D2461E6D29DADA8000118F57 /* Firebase.swift */ = {isa = PBXFileReference; lastKnownFileType = sourcecode.swift; path = Firebase.swift; sourceTree = "<group>"; };
		D2461E6F29DAE75C00118F57 /* AppCoordinator.swift */ = {isa = PBXFileReference; lastKnownFileType = sourcecode.swift; path = AppCoordinator.swift; sourceTree = "<group>"; };
		D24634F929C35F4B0058A610 /* BasicViewController.swift */ = {isa = PBXFileReference; lastKnownFileType = sourcecode.swift; path = BasicViewController.swift; sourceTree = "<group>"; };
		D24634FB29C3638F0058A610 /* WalletViewModel.swift */ = {isa = PBXFileReference; lastKnownFileType = sourcecode.swift; path = WalletViewModel.swift; sourceTree = "<group>"; };
		D246350329C455D50058A610 /* BasicControllerCollectionViewCell.swift */ = {isa = PBXFileReference; lastKnownFileType = sourcecode.swift; path = BasicControllerCollectionViewCell.swift; sourceTree = "<group>"; };
		D246350529C4598B0058A610 /* WalletCollectionViewCellViewModel.swift */ = {isa = PBXFileReference; lastKnownFileType = sourcecode.swift; path = WalletCollectionViewCellViewModel.swift; sourceTree = "<group>"; };
		D246350729C45B9D0058A610 /* FakeData.swift */ = {isa = PBXFileReference; lastKnownFileType = sourcecode.swift; path = FakeData.swift; sourceTree = "<group>"; };
		D286667B29D58A8600464DC9 /* CurrencyHistoryInfoDetailsSectionViewModel.swift */ = {isa = PBXFileReference; lastKnownFileType = sourcecode.swift; path = CurrencyHistoryInfoDetailsSectionViewModel.swift; sourceTree = "<group>"; };
		D286667D29D5B61C00464DC9 /* DateExtension.swift */ = {isa = PBXFileReference; lastKnownFileType = sourcecode.swift; path = DateExtension.swift; sourceTree = "<group>"; };
		D288B4B829D406EA00085C93 /* CurrencyHistoryCurrencyNameCell.swift */ = {isa = PBXFileReference; lastKnownFileType = sourcecode.swift; path = CurrencyHistoryCurrencyNameCell.swift; sourceTree = "<group>"; };
		D288B4BA29D4208400085C93 /* CurrencyHistoryInfoDetailsSectionHeader.swift */ = {isa = PBXFileReference; lastKnownFileType = sourcecode.swift; path = CurrencyHistoryInfoDetailsSectionHeader.swift; sourceTree = "<group>"; };
		D288B4BD29D420C300085C93 /* CurrencyHistoryInfoDetailsSectionView.swift */ = {isa = PBXFileReference; lastKnownFileType = sourcecode.swift; path = CurrencyHistoryInfoDetailsSectionView.swift; sourceTree = "<group>"; };
		D288B4BF29D4289F00085C93 /* BasicTableViewHeaderFooterView.swift */ = {isa = PBXFileReference; lastKnownFileType = sourcecode.swift; path = BasicTableViewHeaderFooterView.swift; sourceTree = "<group>"; };
		D288B4C129D42B5C00085C93 /* Typealias.swift */ = {isa = PBXFileReference; lastKnownFileType = sourcecode.swift; path = Typealias.swift; sourceTree = "<group>"; };
		D2CC021C29D16944008B9C11 /* LoginLaunchController.swift */ = {isa = PBXFileReference; lastKnownFileType = sourcecode.swift; path = LoginLaunchController.swift; sourceTree = "<group>"; };
		D2CC021E29D16974008B9C11 /* LoginProcessController.swift */ = {isa = PBXFileReference; lastKnownFileType = sourcecode.swift; path = LoginProcessController.swift; sourceTree = "<group>"; };
		D2CC022029D16994008B9C11 /* RegistrationProcessController.swift */ = {isa = PBXFileReference; lastKnownFileType = sourcecode.swift; path = RegistrationProcessController.swift; sourceTree = "<group>"; };
		D2CC022229D16B2E008B9C11 /* LoginCoordinator.swift */ = {isa = PBXFileReference; lastKnownFileType = sourcecode.swift; path = LoginCoordinator.swift; sourceTree = "<group>"; };
		D2E3A68B29BF2CA400F496EB /* CurrencyApp.app */ = {isa = PBXFileReference; explicitFileType = wrapper.application; includeInIndex = 0; path = CurrencyApp.app; sourceTree = BUILT_PRODUCTS_DIR; };
		D2E3A68E29BF2CA400F496EB /* AppDelegate.swift */ = {isa = PBXFileReference; lastKnownFileType = sourcecode.swift; path = AppDelegate.swift; sourceTree = "<group>"; };
		D2E3A69029BF2CA400F496EB /* SceneDelegate.swift */ = {isa = PBXFileReference; lastKnownFileType = sourcecode.swift; path = SceneDelegate.swift; sourceTree = "<group>"; };
		D2E3A69829BF2CA400F496EB /* CurrencyApp.xcdatamodel */ = {isa = PBXFileReference; lastKnownFileType = wrapper.xcdatamodel; path = CurrencyApp.xcdatamodel; sourceTree = "<group>"; };
		D2E3A69A29BF2CA500F496EB /* Assets.xcassets */ = {isa = PBXFileReference; lastKnownFileType = folder.assetcatalog; path = Assets.xcassets; sourceTree = "<group>"; };
		D2E3A69F29BF2CA500F496EB /* Info.plist */ = {isa = PBXFileReference; lastKnownFileType = text.plist.xml; path = Info.plist; sourceTree = "<group>"; };
		D2E3A6A529BF360100F496EB /* Networking.swift */ = {isa = PBXFileReference; lastKnownFileType = sourcecode.swift; path = Networking.swift; sourceTree = "<group>"; };
		D2E3A6B229BF3CC800F496EB /* TabBarController.swift */ = {isa = PBXFileReference; lastKnownFileType = sourcecode.swift; path = TabBarController.swift; sourceTree = "<group>"; };
		D2E3A6B429BF46ED00F496EB /* WalletController.swift */ = {isa = PBXFileReference; lastKnownFileType = sourcecode.swift; path = WalletController.swift; sourceTree = "<group>"; };
		D2E3A6B629BF4A5B00F496EB /* MainFlowCoordinator.swift */ = {isa = PBXFileReference; lastKnownFileType = sourcecode.swift; path = MainFlowCoordinator.swift; sourceTree = "<group>"; };
		D2E3A6B829BF758C00F496EB /* CurrencyHistoryCurrencyNameController.swift */ = {isa = PBXFileReference; lastKnownFileType = sourcecode.swift; path = CurrencyHistoryCurrencyNameController.swift; sourceTree = "<group>"; };
		D2E3A6BA29C09B3000F496EB /* WalletCardCollectionViewCell.swift */ = {isa = PBXFileReference; lastKnownFileType = sourcecode.swift; path = WalletCardCollectionViewCell.swift; sourceTree = "<group>"; };
		D2E3A6BE29C1A86700F496EB /* WalletHeaderView.swift */ = {isa = PBXFileReference; lastKnownFileType = sourcecode.swift; path = WalletHeaderView.swift; sourceTree = "<group>"; };
		D2EC4B7929DC0954008E0A34 /* StringExtension.swift */ = {isa = PBXFileReference; lastKnownFileType = sourcecode.swift; path = StringExtension.swift; sourceTree = "<group>"; };
		D2EC4B7B29DC41D1008E0A34 /* User.swift */ = {isa = PBXFileReference; lastKnownFileType = sourcecode.swift; path = User.swift; sourceTree = "<group>"; };
		D2EC4B7D29DC49FB008E0A34 /* PopUpViewController.swift */ = {isa = PBXFileReference; lastKnownFileType = sourcecode.swift; path = PopUpViewController.swift; sourceTree = "<group>"; };
		D2EC4B8029DC6791008E0A34 /* PopUpViewModel.swift */ = {isa = PBXFileReference; lastKnownFileType = sourcecode.swift; path = PopUpViewModel.swift; sourceTree = "<group>"; };
		D2EECDB929C9B3E500711997 /* CurrencyHistoryInfoDetailsController.swift */ = {isa = PBXFileReference; lastKnownFileType = sourcecode.swift; path = CurrencyHistoryInfoDetailsController.swift; sourceTree = "<group>"; };
		D2EECDBB29C9E33B00711997 /* BasicTableCell.swift */ = {isa = PBXFileReference; lastKnownFileType = sourcecode.swift; path = BasicTableCell.swift; sourceTree = "<group>"; };
		D2EECDBD29C9E46500711997 /* WalletTableViewCell.swift */ = {isa = PBXFileReference; lastKnownFileType = sourcecode.swift; path = WalletTableViewCell.swift; sourceTree = "<group>"; };
		D2EECDBF29C9E4BA00711997 /* WalletTableViewCellViewModel.swift */ = {isa = PBXFileReference; lastKnownFileType = sourcecode.swift; path = WalletTableViewCellViewModel.swift; sourceTree = "<group>"; };
		D2EECDC129CAFB1500711997 /* APIDescriptor.swift */ = {isa = PBXFileReference; lastKnownFileType = sourcecode.swift; path = APIDescriptor.swift; sourceTree = "<group>"; };
		D2EECDC329CB052B00711997 /* ExchangeRates.swift */ = {isa = PBXFileReference; lastKnownFileType = sourcecode.swift; path = ExchangeRates.swift; sourceTree = "<group>"; };
		D2EECDCA29CB0E4500711997 /* CurrencyHistoryInfoDetailsViewModel.swift */ = {isa = PBXFileReference; lastKnownFileType = sourcecode.swift; path = CurrencyHistoryInfoDetailsViewModel.swift; sourceTree = "<group>"; };
		D2EECDCC29CB0E6D00711997 /* CurrencyHistoryCurrencyNameViewModel.swift */ = {isa = PBXFileReference; lastKnownFileType = sourcecode.swift; path = CurrencyHistoryCurrencyNameViewModel.swift; sourceTree = "<group>"; };
		D2EECDCE29CB0E9D00711997 /* CurrencyHistoryInfoDetailsCell.swift */ = {isa = PBXFileReference; lastKnownFileType = sourcecode.swift; path = CurrencyHistoryInfoDetailsCell.swift; sourceTree = "<group>"; };
		D2EECDD029CB0EDA00711997 /* CurrencyHistoryInfoDetailsSectionItem.swift */ = {isa = PBXFileReference; lastKnownFileType = sourcecode.swift; path = CurrencyHistoryInfoDetailsSectionItem.swift; sourceTree = "<group>"; };
		D2EECDD229CB0EFC00711997 /* CurrencyHistoryCurrencyNameCellViewModel.swift */ = {isa = PBXFileReference; lastKnownFileType = sourcecode.swift; path = CurrencyHistoryCurrencyNameCellViewModel.swift; sourceTree = "<group>"; };
/* End PBXFileReference section */

/* Begin PBXFrameworksBuildPhase section */
		D2E3A68829BF2CA400F496EB /* Frameworks */ = {
			isa = PBXFrameworksBuildPhase;
			buildActionMask = 2147483647;
			files = (
				5B837D82F20E188D92A53A79 /* Pods_CurrencyApp.framework in Frameworks */,
			);
			runOnlyForDeploymentPostprocessing = 0;
		};
/* End PBXFrameworksBuildPhase section */

/* Begin PBXGroup section */
		4559F8A6B804858471DA8AF5 /* Pods */ = {
			isa = PBXGroup;
			children = (
				CADA3F9B76A14756796AD10A /* Pods-CurrencyApp.debug.xcconfig */,
				62FE188BD85DD6C028FCA7FE /* Pods-CurrencyApp.release.xcconfig */,
			);
			path = Pods;
			sourceTree = "<group>";
		};
		D23A6DBA29D5826A00355954 /* Section */ = {
			isa = PBXGroup;
			children = (
				D2EECDD029CB0EDA00711997 /* CurrencyHistoryInfoDetailsSectionItem.swift */,
				D288B4BA29D4208400085C93 /* CurrencyHistoryInfoDetailsSectionHeader.swift */,
			);
			path = Section;
			sourceTree = "<group>";
		};
		D24634F629C35E010058A610 /* Views */ = {
			isa = PBXGroup;
			children = (
				D24634F729C35E3D0058A610 /* Cells */,
				D2E3A6BE29C1A86700F496EB /* WalletHeaderView.swift */,
			);
			name = Views;
			sourceTree = "<group>";
		};
		D24634F729C35E3D0058A610 /* Cells */ = {
			isa = PBXGroup;
			children = (
				D2E3A6BA29C09B3000F496EB /* WalletCardCollectionViewCell.swift */,
				D2EECDBD29C9E46500711997 /* WalletTableViewCell.swift */,
			);
			name = Cells;
			sourceTree = "<group>";
		};
		D24634F829C35F2E0058A610 /* Controllers */ = {
			isa = PBXGroup;
			children = (
				D2EC4B8229DC67D1008E0A34 /* Basic */,
				D2EC4B7D29DC49FB008E0A34 /* PopUpViewController.swift */,
			);
			path = Controllers;
			sourceTree = "<group>";
		};
		D24634FD29C449C90058A610 /* CurrencyHistory */ = {
			isa = PBXGroup;
			children = (
				D2ABA2AF29D2FBE800BFB2C0 /* CurrencyName */,
				D2ABA2AE29D2FBDB00BFB2C0 /* InfoDetails */,
			);
			path = CurrencyHistory;
			sourceTree = "<group>";
		};
		D24634FE29C449DD0058A610 /* Controller */ = {
			isa = PBXGroup;
			children = (
				D2E3A6B829BF758C00F496EB /* CurrencyHistoryCurrencyNameController.swift */,
			);
			path = Controller;
			sourceTree = "<group>";
		};
		D24634FF29C449F30058A610 /* ViewModel */ = {
			isa = PBXGroup;
			children = (
				D2EECDCC29CB0E6D00711997 /* CurrencyHistoryCurrencyNameViewModel.swift */,
				D2EECDD229CB0EFC00711997 /* CurrencyHistoryCurrencyNameCellViewModel.swift */,
			);
			path = ViewModel;
			sourceTree = "<group>";
		};
		D246350029C44A140058A610 /* View */ = {
			isa = PBXGroup;
			children = (
				D246350129C44A1D0058A610 /* Cells */,
			);
			path = View;
			sourceTree = "<group>";
		};
		D246350129C44A1D0058A610 /* Cells */ = {
			isa = PBXGroup;
			children = (
				D288B4B829D406EA00085C93 /* CurrencyHistoryCurrencyNameCell.swift */,
			);
			path = Cells;
			sourceTree = "<group>";
		};
		D246350229C44A2B0058A610 /* TabBar */ = {
			isa = PBXGroup;
			children = (
				D2E3A6B229BF3CC800F496EB /* TabBarController.swift */,
			);
			path = TabBar;
			sourceTree = "<group>";
		};
		D288B4BC29D4209400085C93 /* Section */ = {
			isa = PBXGroup;
			children = (
				D288B4BD29D420C300085C93 /* CurrencyHistoryInfoDetailsSectionView.swift */,
			);
			path = Section;
			sourceTree = "<group>";
		};
		D2ABA2AE29D2FBDB00BFB2C0 /* InfoDetails */ = {
			isa = PBXGroup;
			children = (
				D2ABA2B029D2FBF400BFB2C0 /* View */,
				D2ABA2B629D2FC2B00BFB2C0 /* Controller */,
				D2ABA2B129D2FBFC00BFB2C0 /* ViewModel */,
			);
			path = InfoDetails;
			sourceTree = "<group>";
		};
		D2ABA2AF29D2FBE800BFB2C0 /* CurrencyName */ = {
			isa = PBXGroup;
			children = (
				D24634FF29C449F30058A610 /* ViewModel */,
				D24634FE29C449DD0058A610 /* Controller */,
				D246350029C44A140058A610 /* View */,
			);
			path = CurrencyName;
			sourceTree = "<group>";
		};
		D2ABA2B029D2FBF400BFB2C0 /* View */ = {
			isa = PBXGroup;
			children = (
				D288B4BC29D4209400085C93 /* Section */,
				D2ABA2B729D2FC5800BFB2C0 /* Cell */,
			);
			path = View;
			sourceTree = "<group>";
		};
		D2ABA2B129D2FBFC00BFB2C0 /* ViewModel */ = {
			isa = PBXGroup;
			children = (
				D2EECDCA29CB0E4500711997 /* CurrencyHistoryInfoDetailsViewModel.swift */,
				D286667B29D58A8600464DC9 /* CurrencyHistoryInfoDetailsSectionViewModel.swift */,
				D23A6DBA29D5826A00355954 /* Section */,
			);
			path = ViewModel;
			sourceTree = "<group>";
		};
		D2ABA2B629D2FC2B00BFB2C0 /* Controller */ = {
			isa = PBXGroup;
			children = (
				D2EECDB929C9B3E500711997 /* CurrencyHistoryInfoDetailsController.swift */,
			);
			path = Controller;
			sourceTree = "<group>";
		};
		D2ABA2B729D2FC5800BFB2C0 /* Cell */ = {
			isa = PBXGroup;
			children = (
				D2EECDCE29CB0E9D00711997 /* CurrencyHistoryInfoDetailsCell.swift */,
			);
			path = Cell;
			sourceTree = "<group>";
		};
		D2CC021929D168D6008B9C11 /* LoginFlow */ = {
			isa = PBXGroup;
			children = (
				D2CC021B29D1690B008B9C11 /* ViewModel */,
				D2CC021A29D16906008B9C11 /* View */,
			);
			path = LoginFlow;
			sourceTree = "<group>";
		};
		D2CC021A29D16906008B9C11 /* View */ = {
			isa = PBXGroup;
			children = (
				D2CC021C29D16944008B9C11 /* LoginLaunchController.swift */,
				D2CC021E29D16974008B9C11 /* LoginProcessController.swift */,
				D2CC022029D16994008B9C11 /* RegistrationProcessController.swift */,
			);
			path = View;
			sourceTree = "<group>";
		};
		D2CC021B29D1690B008B9C11 /* ViewModel */ = {
			isa = PBXGroup;
			children = (
				D2461E6729DAA52100118F57 /* LoginLaunchViewModel.swift */,
				D2461E6929DAABEC00118F57 /* LoginProcessViewModel.swift */,
				D2461E6B29DAABF600118F57 /* RegistrationProcessViewModel.swift */,
			);
			path = ViewModel;
			sourceTree = "<group>";
		};
		D2E3A68229BF2CA400F496EB = {
			isa = PBXGroup;
			children = (
				D2E3A68D29BF2CA400F496EB /* CurrencyApp */,
				D2E3A68C29BF2CA400F496EB /* Products */,
				4559F8A6B804858471DA8AF5 /* Pods */,
				E4A1FD5FB5042B2D354EE4E5 /* Frameworks */,
			);
			sourceTree = "<group>";
		};
		D2E3A68C29BF2CA400F496EB /* Products */ = {
			isa = PBXGroup;
			children = (
				D2E3A68B29BF2CA400F496EB /* CurrencyApp.app */,
			);
			name = Products;
			sourceTree = "<group>";
		};
		D2E3A68D29BF2CA400F496EB /* CurrencyApp */ = {
			isa = PBXGroup;
			children = (
				D2E3A6B029BF3BE100F496EB /* Common */,
				D2E3A6AF29BF3BD200F496EB /* DataTypes */,
				D2E3A6AE29BF3B3500F496EB /* Recources */,
				D2E3A6AC29BF3B1A00F496EB /* Coordinators */,
				D2E3A6AD29BF3B2200F496EB /* Services */,
				D2E3A6A729BF3ACF00F496EB /* Modules */,
			);
			path = CurrencyApp;
			sourceTree = "<group>";
		};
		D2E3A6A729BF3ACF00F496EB /* Modules */ = {
			isa = PBXGroup;
			children = (
				D2CC021929D168D6008B9C11 /* LoginFlow */,
				D246350229C44A2B0058A610 /* TabBar */,
				D2E3A6A829BF3ADA00F496EB /* Wallet */,
				D24634FD29C449C90058A610 /* CurrencyHistory */,
			);
			path = Modules;
			sourceTree = "<group>";
		};
		D2E3A6A829BF3ADA00F496EB /* Wallet */ = {
			isa = PBXGroup;
			children = (
				D24634F629C35E010058A610 /* Views */,
				D2E3A6AB29BF3AFE00F496EB /* ViewModels */,
				D2E3A6AA29BF3AEA00F496EB /* Controller */,
			);
			path = Wallet;
			sourceTree = "<group>";
		};
		D2E3A6AA29BF3AEA00F496EB /* Controller */ = {
			isa = PBXGroup;
			children = (
				D2E3A6B429BF46ED00F496EB /* WalletController.swift */,
			);
			name = Controller;
			sourceTree = "<group>";
		};
		D2E3A6AB29BF3AFE00F496EB /* ViewModels */ = {
			isa = PBXGroup;
			children = (
				D24634FB29C3638F0058A610 /* WalletViewModel.swift */,
				D246350529C4598B0058A610 /* WalletCollectionViewCellViewModel.swift */,
				D2EECDBF29C9E4BA00711997 /* WalletTableViewCellViewModel.swift */,
			);
			name = ViewModels;
			sourceTree = "<group>";
		};
		D2E3A6AC29BF3B1A00F496EB /* Coordinators */ = {
			isa = PBXGroup;
			children = (
				D2E3A6B629BF4A5B00F496EB /* MainFlowCoordinator.swift */,
				D2CC022229D16B2E008B9C11 /* LoginCoordinator.swift */,
				D2461E6F29DAE75C00118F57 /* AppCoordinator.swift */,
			);
			path = Coordinators;
			sourceTree = "<group>";
		};
		D2E3A6AD29BF3B2200F496EB /* Services */ = {
			isa = PBXGroup;
			children = (
				D2E3A6A529BF360100F496EB /* Networking.swift */,
				D2EECDC129CAFB1500711997 /* APIDescriptor.swift */,
				D2461E6D29DADA8000118F57 /* Firebase.swift */,
			);
			path = Services;
			sourceTree = "<group>";
		};
		D2E3A6AE29BF3B3500F496EB /* Recources */ = {
			isa = PBXGroup;
			children = (
				D2E3A69F29BF2CA500F496EB /* Info.plist */,
				D2461E6529DAA08E00118F57 /* GoogleService-Info.plist */,
				D2E3A69A29BF2CA500F496EB /* Assets.xcassets */,
				D2E3A68E29BF2CA400F496EB /* AppDelegate.swift */,
				D2E3A69029BF2CA400F496EB /* SceneDelegate.swift */,
			);
			path = Recources;
			sourceTree = "<group>";
		};
		D2E3A6AF29BF3BD200F496EB /* DataTypes */ = {
			isa = PBXGroup;
			children = (
				D246350729C45B9D0058A610 /* FakeData.swift */,
				D2EECDC329CB052B00711997 /* ExchangeRates.swift */,
				D2EC4B7B29DC41D1008E0A34 /* User.swift */,
			);
			path = DataTypes;
			sourceTree = "<group>";
		};
		D2E3A6B029BF3BE100F496EB /* Common */ = {
			isa = PBXGroup;
			children = (
				D2EC4B7F29DC6781008E0A34 /* ViewModels */,
				D24634F829C35F2E0058A610 /* Controllers */,
				D2E3A69729BF2CA400F496EB /* CurrencyApp.xcdatamodeld */,
				D288B4C129D42B5C00085C93 /* Typealias.swift */,
				D286667D29D5B61C00464DC9 /* DateExtension.swift */,
				D2EC4B7929DC0954008E0A34 /* StringExtension.swift */,
				D244BD8229D710D000AEC43C /* UITextFieldExtension .swift */,
				D244BD8429D71AD900AEC43C /* UIImageViewExtension.swift */,
			);
			path = Common;
			sourceTree = "<group>";
		};
		D2EC4B7F29DC6781008E0A34 /* ViewModels */ = {
			isa = PBXGroup;
			children = (
				D2EC4B8029DC6791008E0A34 /* PopUpViewModel.swift */,
			);
			path = ViewModels;
			sourceTree = "<group>";
		};
		D2EC4B8229DC67D1008E0A34 /* Basic */ = {
			isa = PBXGroup;
			children = (
				D24634F929C35F4B0058A610 /* BasicViewController.swift */,
				D246350329C455D50058A610 /* BasicControllerCollectionViewCell.swift */,
				D2EECDBB29C9E33B00711997 /* BasicTableCell.swift */,
				D288B4BF29D4289F00085C93 /* BasicTableViewHeaderFooterView.swift */,
			);
			path = Basic;
			sourceTree = "<group>";
		};
		E4A1FD5FB5042B2D354EE4E5 /* Frameworks */ = {
			isa = PBXGroup;
			children = (
				3DE833FF57C1550ED6911AEC /* Pods_CurrencyApp.framework */,
			);
			name = Frameworks;
			sourceTree = "<group>";
		};
/* End PBXGroup section */

/* Begin PBXNativeTarget section */
		D2E3A68A29BF2CA400F496EB /* CurrencyApp */ = {
			isa = PBXNativeTarget;
			buildConfigurationList = D2E3A6A229BF2CA500F496EB /* Build configuration list for PBXNativeTarget "CurrencyApp" */;
			buildPhases = (
				3CCE45F234E8C23D56EC377D /* [CP] Check Pods Manifest.lock */,
				D2E3A68729BF2CA400F496EB /* Sources */,
				D2E3A68829BF2CA400F496EB /* Frameworks */,
				D2E3A68929BF2CA400F496EB /* Resources */,
				2D15FA5A4A985D7B9B2CF3CC /* [CP] Embed Pods Frameworks */,
			);
			buildRules = (
			);
			dependencies = (
			);
			name = CurrencyApp;
			productName = CurrencyApp;
			productReference = D2E3A68B29BF2CA400F496EB /* CurrencyApp.app */;
			productType = "com.apple.product-type.application";
		};
/* End PBXNativeTarget section */

/* Begin PBXProject section */
		D2E3A68329BF2CA400F496EB /* Project object */ = {
			isa = PBXProject;
			attributes = {
				BuildIndependentTargetsInParallel = 1;
				LastSwiftUpdateCheck = 1420;
				LastUpgradeCheck = 1420;
				TargetAttributes = {
					D2E3A68A29BF2CA400F496EB = {
						CreatedOnToolsVersion = 14.2;
					};
				};
			};
			buildConfigurationList = D2E3A68629BF2CA400F496EB /* Build configuration list for PBXProject "CurrencyApp" */;
			compatibilityVersion = "Xcode 14.0";
			developmentRegion = en;
			hasScannedForEncodings = 0;
			knownRegions = (
				en,
				Base,
			);
			mainGroup = D2E3A68229BF2CA400F496EB;
			productRefGroup = D2E3A68C29BF2CA400F496EB /* Products */;
			projectDirPath = "";
			projectRoot = "";
			targets = (
				D2E3A68A29BF2CA400F496EB /* CurrencyApp */,
			);
		};
/* End PBXProject section */

/* Begin PBXResourcesBuildPhase section */
		D2E3A68929BF2CA400F496EB /* Resources */ = {
			isa = PBXResourcesBuildPhase;
			buildActionMask = 2147483647;
			files = (
				D2E3A69B29BF2CA500F496EB /* Assets.xcassets in Resources */,
				D2461E6629DAA08E00118F57 /* GoogleService-Info.plist in Resources */,
			);
			runOnlyForDeploymentPostprocessing = 0;
		};
/* End PBXResourcesBuildPhase section */

/* Begin PBXShellScriptBuildPhase section */
		2D15FA5A4A985D7B9B2CF3CC /* [CP] Embed Pods Frameworks */ = {
			isa = PBXShellScriptBuildPhase;
			buildActionMask = 2147483647;
			files = (
			);
			inputFileListPaths = (
				"${PODS_ROOT}/Target Support Files/Pods-CurrencyApp/Pods-CurrencyApp-frameworks-${CONFIGURATION}-input-files.xcfilelist",
			);
			name = "[CP] Embed Pods Frameworks";
			outputFileListPaths = (
				"${PODS_ROOT}/Target Support Files/Pods-CurrencyApp/Pods-CurrencyApp-frameworks-${CONFIGURATION}-output-files.xcfilelist",
			);
			runOnlyForDeploymentPostprocessing = 0;
			shellPath = /bin/sh;
			shellScript = "\"${PODS_ROOT}/Target Support Files/Pods-CurrencyApp/Pods-CurrencyApp-frameworks.sh\"\n";
			showEnvVarsInLog = 0;
		};
		3CCE45F234E8C23D56EC377D /* [CP] Check Pods Manifest.lock */ = {
			isa = PBXShellScriptBuildPhase;
			buildActionMask = 2147483647;
			files = (
			);
			inputFileListPaths = (
			);
			inputPaths = (
				"${PODS_PODFILE_DIR_PATH}/Podfile.lock",
				"${PODS_ROOT}/Manifest.lock",
			);
			name = "[CP] Check Pods Manifest.lock";
			outputFileListPaths = (
			);
			outputPaths = (
				"$(DERIVED_FILE_DIR)/Pods-CurrencyApp-checkManifestLockResult.txt",
			);
			runOnlyForDeploymentPostprocessing = 0;
			shellPath = /bin/sh;
			shellScript = "diff \"${PODS_PODFILE_DIR_PATH}/Podfile.lock\" \"${PODS_ROOT}/Manifest.lock\" > /dev/null\nif [ $? != 0 ] ; then\n    # print error to STDERR\n    echo \"error: The sandbox is not in sync with the Podfile.lock. Run 'pod install' or update your CocoaPods installation.\" >&2\n    exit 1\nfi\n# This output is used by Xcode 'outputs' to avoid re-running this script phase.\necho \"SUCCESS\" > \"${SCRIPT_OUTPUT_FILE_0}\"\n";
			showEnvVarsInLog = 0;
		};
/* End PBXShellScriptBuildPhase section */

/* Begin PBXSourcesBuildPhase section */
		D2E3A68729BF2CA400F496EB /* Sources */ = {
			isa = PBXSourcesBuildPhase;
			buildActionMask = 2147483647;
			files = (
				D2461E7029DAE75C00118F57 /* AppCoordinator.swift in Sources */,
				D2CC022129D16994008B9C11 /* RegistrationProcessController.swift in Sources */,
				D2E3A6B729BF4A5B00F496EB /* MainFlowCoordinator.swift in Sources */,
				D2E3A6B929BF758C00F496EB /* CurrencyHistoryCurrencyNameController.swift in Sources */,
				D2EECDD129CB0EDA00711997 /* CurrencyHistoryInfoDetailsSectionItem.swift in Sources */,
				D2461E6C29DAABF600118F57 /* RegistrationProcessViewModel.swift in Sources */,
				D24634FC29C3638F0058A610 /* WalletViewModel.swift in Sources */,
				D2EECDBC29C9E33B00711997 /* BasicTableCell.swift in Sources */,
				D2E3A69929BF2CA400F496EB /* CurrencyApp.xcdatamodeld in Sources */,
				D2CC021D29D16944008B9C11 /* LoginLaunchController.swift in Sources */,
				D288B4BE29D420C300085C93 /* CurrencyHistoryInfoDetailsSectionView.swift in Sources */,
				D2EECDC029C9E4BA00711997 /* WalletTableViewCellViewModel.swift in Sources */,
				D2E3A6A629BF360100F496EB /* Networking.swift in Sources */,
				D244BD8529D71AD900AEC43C /* UIImageViewExtension.swift in Sources */,
				D2EECDC229CAFB1500711997 /* APIDescriptor.swift in Sources */,
				D2EC4B8129DC6791008E0A34 /* PopUpViewModel.swift in Sources */,
				D244BD8329D710D000AEC43C /* UITextFieldExtension .swift in Sources */,
				D246350629C4598B0058A610 /* WalletCollectionViewCellViewModel.swift in Sources */,
				D2EECDCB29CB0E4500711997 /* CurrencyHistoryInfoDetailsViewModel.swift in Sources */,
				D2EECDCF29CB0E9D00711997 /* CurrencyHistoryInfoDetailsCell.swift in Sources */,
				D2461E6A29DAABEC00118F57 /* LoginProcessViewModel.swift in Sources */,
				D288B4BB29D4208400085C93 /* CurrencyHistoryInfoDetailsSectionHeader.swift in Sources */,
				D2CC021F29D16974008B9C11 /* LoginProcessController.swift in Sources */,
				D2EC4B7C29DC41D1008E0A34 /* User.swift in Sources */,
				D2CC022329D16B2E008B9C11 /* LoginCoordinator.swift in Sources */,
				D2EC4B7E29DC49FB008E0A34 /* PopUpViewController.swift in Sources */,
				D2EECDBE29C9E46500711997 /* WalletTableViewCell.swift in Sources */,
				D2EECDCD29CB0E6D00711997 /* CurrencyHistoryCurrencyNameViewModel.swift in Sources */,
				D2EECDC429CB052B00711997 /* ExchangeRates.swift in Sources */,
				D2E3A6B329BF3CC800F496EB /* TabBarController.swift in Sources */,
				D2E3A6BF29C1A86700F496EB /* WalletHeaderView.swift in Sources */,
				D2E3A6B529BF46ED00F496EB /* WalletController.swift in Sources */,
				D246350829C45B9D0058A610 /* FakeData.swift in Sources */,
				D2EECDBA29C9B3E500711997 /* CurrencyHistoryInfoDetailsController.swift in Sources */,
				D2EECDD329CB0EFC00711997 /* CurrencyHistoryCurrencyNameCellViewModel.swift in Sources */,
				D2EC4B7A29DC0954008E0A34 /* StringExtension.swift in Sources */,
				D2461E6829DAA52100118F57 /* LoginLaunchViewModel.swift in Sources */,
				D2461E6E29DADA8000118F57 /* Firebase.swift in Sources */,
				D2E3A68F29BF2CA400F496EB /* AppDelegate.swift in Sources */,
				D288B4B929D406EA00085C93 /* CurrencyHistoryCurrencyNameCell.swift in Sources */,
				D288B4C029D4289F00085C93 /* BasicTableViewHeaderFooterView.swift in Sources */,
				D2E3A6BB29C09B3000F496EB /* WalletCardCollectionViewCell.swift in Sources */,
				D286667C29D58A8600464DC9 /* CurrencyHistoryInfoDetailsSectionViewModel.swift in Sources */,
				D24634FA29C35F4B0058A610 /* BasicViewController.swift in Sources */,
				D2E3A69129BF2CA400F496EB /* SceneDelegate.swift in Sources */,
				D246350429C455D50058A610 /* BasicControllerCollectionViewCell.swift in Sources */,
				D286667E29D5B61C00464DC9 /* DateExtension.swift in Sources */,
				D288B4C229D42B5C00085C93 /* Typealias.swift in Sources */,
			);
			runOnlyForDeploymentPostprocessing = 0;
		};
/* End PBXSourcesBuildPhase section */

/* Begin XCBuildConfiguration section */
		D2E3A6A029BF2CA500F496EB /* Debug */ = {
			isa = XCBuildConfiguration;
			buildSettings = {
				ALWAYS_SEARCH_USER_PATHS = NO;
				CLANG_ANALYZER_NONNULL = YES;
				CLANG_ANALYZER_NUMBER_OBJECT_CONVERSION = YES_AGGRESSIVE;
				CLANG_CXX_LANGUAGE_STANDARD = "gnu++20";
				CLANG_ENABLE_MODULES = YES;
				CLANG_ENABLE_OBJC_ARC = YES;
				CLANG_ENABLE_OBJC_WEAK = YES;
				CLANG_WARN_BLOCK_CAPTURE_AUTORELEASING = YES;
				CLANG_WARN_BOOL_CONVERSION = YES;
				CLANG_WARN_COMMA = YES;
				CLANG_WARN_CONSTANT_CONVERSION = YES;
				CLANG_WARN_DEPRECATED_OBJC_IMPLEMENTATIONS = YES;
				CLANG_WARN_DIRECT_OBJC_ISA_USAGE = YES_ERROR;
				CLANG_WARN_DOCUMENTATION_COMMENTS = YES;
				CLANG_WARN_EMPTY_BODY = YES;
				CLANG_WARN_ENUM_CONVERSION = YES;
				CLANG_WARN_INFINITE_RECURSION = YES;
				CLANG_WARN_INT_CONVERSION = YES;
				CLANG_WARN_NON_LITERAL_NULL_CONVERSION = YES;
				CLANG_WARN_OBJC_IMPLICIT_RETAIN_SELF = YES;
				CLANG_WARN_OBJC_LITERAL_CONVERSION = YES;
				CLANG_WARN_OBJC_ROOT_CLASS = YES_ERROR;
				CLANG_WARN_QUOTED_INCLUDE_IN_FRAMEWORK_HEADER = YES;
				CLANG_WARN_RANGE_LOOP_ANALYSIS = YES;
				CLANG_WARN_STRICT_PROTOTYPES = YES;
				CLANG_WARN_SUSPICIOUS_MOVE = YES;
				CLANG_WARN_UNGUARDED_AVAILABILITY = YES_AGGRESSIVE;
				CLANG_WARN_UNREACHABLE_CODE = YES;
				CLANG_WARN__DUPLICATE_METHOD_MATCH = YES;
				COPY_PHASE_STRIP = NO;
				DEBUG_INFORMATION_FORMAT = dwarf;
				ENABLE_STRICT_OBJC_MSGSEND = YES;
				ENABLE_TESTABILITY = YES;
				GCC_C_LANGUAGE_STANDARD = gnu11;
				GCC_DYNAMIC_NO_PIC = NO;
				GCC_NO_COMMON_BLOCKS = YES;
				GCC_OPTIMIZATION_LEVEL = 0;
				GCC_PREPROCESSOR_DEFINITIONS = (
					"DEBUG=1",
					"$(inherited)",
				);
				GCC_WARN_64_TO_32_BIT_CONVERSION = YES;
				GCC_WARN_ABOUT_RETURN_TYPE = YES_ERROR;
				GCC_WARN_UNDECLARED_SELECTOR = YES;
				GCC_WARN_UNINITIALIZED_AUTOS = YES_AGGRESSIVE;
				GCC_WARN_UNUSED_FUNCTION = YES;
				GCC_WARN_UNUSED_VARIABLE = YES;
				IPHONEOS_DEPLOYMENT_TARGET = 16.2;
				MTL_ENABLE_DEBUG_INFO = INCLUDE_SOURCE;
				MTL_FAST_MATH = YES;
				ONLY_ACTIVE_ARCH = YES;
				SDKROOT = iphoneos;
				SWIFT_ACTIVE_COMPILATION_CONDITIONS = DEBUG;
				SWIFT_OPTIMIZATION_LEVEL = "-Onone";
			};
			name = Debug;
		};
		D2E3A6A129BF2CA500F496EB /* Release */ = {
			isa = XCBuildConfiguration;
			buildSettings = {
				ALWAYS_SEARCH_USER_PATHS = NO;
				CLANG_ANALYZER_NONNULL = YES;
				CLANG_ANALYZER_NUMBER_OBJECT_CONVERSION = YES_AGGRESSIVE;
				CLANG_CXX_LANGUAGE_STANDARD = "gnu++20";
				CLANG_ENABLE_MODULES = YES;
				CLANG_ENABLE_OBJC_ARC = YES;
				CLANG_ENABLE_OBJC_WEAK = YES;
				CLANG_WARN_BLOCK_CAPTURE_AUTORELEASING = YES;
				CLANG_WARN_BOOL_CONVERSION = YES;
				CLANG_WARN_COMMA = YES;
				CLANG_WARN_CONSTANT_CONVERSION = YES;
				CLANG_WARN_DEPRECATED_OBJC_IMPLEMENTATIONS = YES;
				CLANG_WARN_DIRECT_OBJC_ISA_USAGE = YES_ERROR;
				CLANG_WARN_DOCUMENTATION_COMMENTS = YES;
				CLANG_WARN_EMPTY_BODY = YES;
				CLANG_WARN_ENUM_CONVERSION = YES;
				CLANG_WARN_INFINITE_RECURSION = YES;
				CLANG_WARN_INT_CONVERSION = YES;
				CLANG_WARN_NON_LITERAL_NULL_CONVERSION = YES;
				CLANG_WARN_OBJC_IMPLICIT_RETAIN_SELF = YES;
				CLANG_WARN_OBJC_LITERAL_CONVERSION = YES;
				CLANG_WARN_OBJC_ROOT_CLASS = YES_ERROR;
				CLANG_WARN_QUOTED_INCLUDE_IN_FRAMEWORK_HEADER = YES;
				CLANG_WARN_RANGE_LOOP_ANALYSIS = YES;
				CLANG_WARN_STRICT_PROTOTYPES = YES;
				CLANG_WARN_SUSPICIOUS_MOVE = YES;
				CLANG_WARN_UNGUARDED_AVAILABILITY = YES_AGGRESSIVE;
				CLANG_WARN_UNREACHABLE_CODE = YES;
				CLANG_WARN__DUPLICATE_METHOD_MATCH = YES;
				COPY_PHASE_STRIP = NO;
				DEBUG_INFORMATION_FORMAT = "dwarf-with-dsym";
				ENABLE_NS_ASSERTIONS = NO;
				ENABLE_STRICT_OBJC_MSGSEND = YES;
				GCC_C_LANGUAGE_STANDARD = gnu11;
				GCC_NO_COMMON_BLOCKS = YES;
				GCC_WARN_64_TO_32_BIT_CONVERSION = YES;
				GCC_WARN_ABOUT_RETURN_TYPE = YES_ERROR;
				GCC_WARN_UNDECLARED_SELECTOR = YES;
				GCC_WARN_UNINITIALIZED_AUTOS = YES_AGGRESSIVE;
				GCC_WARN_UNUSED_FUNCTION = YES;
				GCC_WARN_UNUSED_VARIABLE = YES;
				IPHONEOS_DEPLOYMENT_TARGET = 16.2;
				MTL_ENABLE_DEBUG_INFO = NO;
				MTL_FAST_MATH = YES;
				SDKROOT = iphoneos;
				SWIFT_COMPILATION_MODE = wholemodule;
				SWIFT_OPTIMIZATION_LEVEL = "-O";
				VALIDATE_PRODUCT = YES;
			};
			name = Release;
		};
		D2E3A6A329BF2CA500F496EB /* Debug */ = {
			isa = XCBuildConfiguration;
			baseConfigurationReference = CADA3F9B76A14756796AD10A /* Pods-CurrencyApp.debug.xcconfig */;
			buildSettings = {
				ASSETCATALOG_COMPILER_APPICON_NAME = AppIcon;
				ASSETCATALOG_COMPILER_GLOBAL_ACCENT_COLOR_NAME = AccentColor;
				CODE_SIGN_STYLE = Automatic;
				CURRENT_PROJECT_VERSION = 1;
				GENERATE_INFOPLIST_FILE = YES;
				INFOPLIST_FILE = CurrencyApp/Recources/Info.plist;
				INFOPLIST_KEY_UIApplicationSupportsIndirectInputEvents = YES;
				INFOPLIST_KEY_UILaunchScreen_Generation = YES;
				INFOPLIST_KEY_UILaunchStoryboardName = LaunchScreen;
				INFOPLIST_KEY_UIMainStoryboardFile = "";
				INFOPLIST_KEY_UISupportedInterfaceOrientations_iPad = "UIInterfaceOrientationPortrait UIInterfaceOrientationPortraitUpsideDown UIInterfaceOrientationLandscapeLeft UIInterfaceOrientationLandscapeRight";
				INFOPLIST_KEY_UISupportedInterfaceOrientations_iPhone = "UIInterfaceOrientationPortrait UIInterfaceOrientationLandscapeLeft UIInterfaceOrientationLandscapeRight";
				LD_RUNPATH_SEARCH_PATHS = (
					"$(inherited)",
					"@executable_path/Frameworks",
				);
				MARKETING_VERSION = 1.0;
				PRODUCT_BUNDLE_IDENTIFIER = melnyk.CurrencyApp;
				PRODUCT_NAME = "$(TARGET_NAME)";
				SWIFT_EMIT_LOC_STRINGS = YES;
				SWIFT_VERSION = 5.0;
				TARGETED_DEVICE_FAMILY = "1,2";
			};
			name = Debug;
		};
		D2E3A6A429BF2CA500F496EB /* Release */ = {
			isa = XCBuildConfiguration;
			baseConfigurationReference = 62FE188BD85DD6C028FCA7FE /* Pods-CurrencyApp.release.xcconfig */;
			buildSettings = {
				ASSETCATALOG_COMPILER_APPICON_NAME = AppIcon;
				ASSETCATALOG_COMPILER_GLOBAL_ACCENT_COLOR_NAME = AccentColor;
				CODE_SIGN_STYLE = Automatic;
				CURRENT_PROJECT_VERSION = 1;
				GENERATE_INFOPLIST_FILE = YES;
				INFOPLIST_FILE = CurrencyApp/Recources/Info.plist;
				INFOPLIST_KEY_UIApplicationSupportsIndirectInputEvents = YES;
				INFOPLIST_KEY_UILaunchScreen_Generation = YES;
				INFOPLIST_KEY_UILaunchStoryboardName = LaunchScreen;
				INFOPLIST_KEY_UIMainStoryboardFile = "";
				INFOPLIST_KEY_UISupportedInterfaceOrientations_iPad = "UIInterfaceOrientationPortrait UIInterfaceOrientationPortraitUpsideDown UIInterfaceOrientationLandscapeLeft UIInterfaceOrientationLandscapeRight";
				INFOPLIST_KEY_UISupportedInterfaceOrientations_iPhone = "UIInterfaceOrientationPortrait UIInterfaceOrientationLandscapeLeft UIInterfaceOrientationLandscapeRight";
				LD_RUNPATH_SEARCH_PATHS = (
					"$(inherited)",
					"@executable_path/Frameworks",
				);
				MARKETING_VERSION = 1.0;
				PRODUCT_BUNDLE_IDENTIFIER = melnyk.CurrencyApp;
				PRODUCT_NAME = "$(TARGET_NAME)";
				SWIFT_EMIT_LOC_STRINGS = YES;
				SWIFT_VERSION = 5.0;
				TARGETED_DEVICE_FAMILY = "1,2";
			};
			name = Release;
		};
/* End XCBuildConfiguration section */

/* Begin XCConfigurationList section */
		D2E3A68629BF2CA400F496EB /* Build configuration list for PBXProject "CurrencyApp" */ = {
			isa = XCConfigurationList;
			buildConfigurations = (
				D2E3A6A029BF2CA500F496EB /* Debug */,
				D2E3A6A129BF2CA500F496EB /* Release */,
			);
			defaultConfigurationIsVisible = 0;
			defaultConfigurationName = Release;
		};
		D2E3A6A229BF2CA500F496EB /* Build configuration list for PBXNativeTarget "CurrencyApp" */ = {
			isa = XCConfigurationList;
			buildConfigurations = (
				D2E3A6A329BF2CA500F496EB /* Debug */,
				D2E3A6A429BF2CA500F496EB /* Release */,
			);
			defaultConfigurationIsVisible = 0;
			defaultConfigurationName = Release;
		};
/* End XCConfigurationList section */

/* Begin XCVersionGroup section */
		D2E3A69729BF2CA400F496EB /* CurrencyApp.xcdatamodeld */ = {
			isa = XCVersionGroup;
			children = (
				D2E3A69829BF2CA400F496EB /* CurrencyApp.xcdatamodel */,
			);
			currentVersion = D2E3A69829BF2CA400F496EB /* CurrencyApp.xcdatamodel */;
			path = CurrencyApp.xcdatamodeld;
			sourceTree = "<group>";
			versionGroupType = wrapper.xcdatamodel;
		};
/* End XCVersionGroup section */
	};
	rootObject = D2E3A68329BF2CA400F496EB /* Project object */;
}
